// !$*UTF8*$!
{
	archiveVersion = 1;
	classes = {
	};
	objectVersion = 46;
	objects = {

/* Begin PBXBuildFile section */
		B0ADBF441F665F5000F77CBA /* AppDelegate.swift in Sources */ = {isa = PBXBuildFile; fileRef = B0ADBF431F665F5000F77CBA /* AppDelegate.swift */; };
		B0ADBF4C1F665F5000F77CBA /* TimePile.xcdatamodeld in Sources */ = {isa = PBXBuildFile; fileRef = B0ADBF4A1F665F5000F77CBA /* TimePile.xcdatamodeld */; };
		B0ADBF4E1F665F5000F77CBA /* Assets.xcassets in Resources */ = {isa = PBXBuildFile; fileRef = B0ADBF4D1F665F5000F77CBA /* Assets.xcassets */; };
		B0ADBF511F665F5000F77CBA /* LaunchScreen.storyboard in Resources */ = {isa = PBXBuildFile; fileRef = B0ADBF4F1F665F5000F77CBA /* LaunchScreen.storyboard */; };
		B0ADBF5C1F665F5000F77CBA /* TimePileTests.swift in Sources */ = {isa = PBXBuildFile; fileRef = B0ADBF5B1F665F5000F77CBA /* TimePileTests.swift */; };
		B0ADBF671F665F5000F77CBA /* TimePileUITests.swift in Sources */ = {isa = PBXBuildFile; fileRef = B0ADBF661F665F5000F77CBA /* TimePileUITests.swift */; };
		B0ADBF751F665FDE00F77CBA /* TableViewController.swift in Sources */ = {isa = PBXBuildFile; fileRef = B0ADBF741F665FDE00F77CBA /* TableViewController.swift */; };
		B0ADBF771F665FE200F77CBA /* AlertExtension.swift in Sources */ = {isa = PBXBuildFile; fileRef = B0ADBF761F665FE200F77CBA /* AlertExtension.swift */; };
		B0ADBF791F665FE700F77CBA /* Main.storyboard in Resources */ = {isa = PBXBuildFile; fileRef = B0ADBF781F665FE700F77CBA /* Main.storyboard */; };
/* End PBXBuildFile section */

/* Begin PBXContainerItemProxy section */
		B0ADBF581F665F5000F77CBA /* PBXContainerItemProxy */ = {
			isa = PBXContainerItemProxy;
			containerPortal = B0ADBF381F665F5000F77CBA /* Project object */;
			proxyType = 1;
			remoteGlobalIDString = B0ADBF3F1F665F5000F77CBA;
			remoteInfo = TimePile;
		};
		B0ADBF631F665F5000F77CBA /* PBXContainerItemProxy */ = {
			isa = PBXContainerItemProxy;
			containerPortal = B0ADBF381F665F5000F77CBA /* Project object */;
			proxyType = 1;
			remoteGlobalIDString = B0ADBF3F1F665F5000F77CBA;
			remoteInfo = TimePile;
		};
/* End PBXContainerItemProxy section */

/* Begin PBXFileReference section */
		B0ADBF401F665F5000F77CBA /* TimePile.app */ = {isa = PBXFileReference; explicitFileType = wrapper.application; includeInIndex = 0; path = TimePile.app; sourceTree = BUILT_PRODUCTS_DIR; };
		B0ADBF431F665F5000F77CBA /* AppDelegate.swift */ = {isa = PBXFileReference; lastKnownFileType = sourcecode.swift; path = AppDelegate.swift; sourceTree = "<group>"; };
		B0ADBF4B1F665F5000F77CBA /* TimePile.xcdatamodel */ = {isa = PBXFileReference; lastKnownFileType = wrapper.xcdatamodel; path = TimePile.xcdatamodel; sourceTree = "<group>"; };
		B0ADBF4D1F665F5000F77CBA /* Assets.xcassets */ = {isa = PBXFileReference; lastKnownFileType = folder.assetcatalog; path = Assets.xcassets; sourceTree = "<group>"; };
		B0ADBF501F665F5000F77CBA /* Base */ = {isa = PBXFileReference; lastKnownFileType = file.storyboard; name = Base; path = Base.lproj/LaunchScreen.storyboard; sourceTree = "<group>"; };
		B0ADBF521F665F5000F77CBA /* Info.plist */ = {isa = PBXFileReference; lastKnownFileType = text.plist.xml; path = Info.plist; sourceTree = "<group>"; };
		B0ADBF571F665F5000F77CBA /* TimePileTests.xctest */ = {isa = PBXFileReference; explicitFileType = wrapper.cfbundle; includeInIndex = 0; path = TimePileTests.xctest; sourceTree = BUILT_PRODUCTS_DIR; };
		B0ADBF5B1F665F5000F77CBA /* TimePileTests.swift */ = {isa = PBXFileReference; lastKnownFileType = sourcecode.swift; path = TimePileTests.swift; sourceTree = "<group>"; };
		B0ADBF5D1F665F5000F77CBA /* Info.plist */ = {isa = PBXFileReference; lastKnownFileType = text.plist.xml; path = Info.plist; sourceTree = "<group>"; };
		B0ADBF621F665F5000F77CBA /* TimePileUITests.xctest */ = {isa = PBXFileReference; explicitFileType = wrapper.cfbundle; includeInIndex = 0; path = TimePileUITests.xctest; sourceTree = BUILT_PRODUCTS_DIR; };
		B0ADBF661F665F5000F77CBA /* TimePileUITests.swift */ = {isa = PBXFileReference; lastKnownFileType = sourcecode.swift; path = TimePileUITests.swift; sourceTree = "<group>"; };
		B0ADBF681F665F5000F77CBA /* Info.plist */ = {isa = PBXFileReference; lastKnownFileType = text.plist.xml; path = Info.plist; sourceTree = "<group>"; };
		B0ADBF741F665FDE00F77CBA /* TableViewController.swift */ = {isa = PBXFileReference; fileEncoding = 4; lastKnownFileType = sourcecode.swift; path = TableViewController.swift; sourceTree = "<group>"; };
		B0ADBF761F665FE200F77CBA /* AlertExtension.swift */ = {isa = PBXFileReference; fileEncoding = 4; lastKnownFileType = sourcecode.swift; path = AlertExtension.swift; sourceTree = "<group>"; };
		B0ADBF781F665FE700F77CBA /* Main.storyboard */ = {isa = PBXFileReference; fileEncoding = 4; lastKnownFileType = file.storyboard; path = Main.storyboard; sourceTree = "<group>"; };
/* End PBXFileReference section */

/* Begin PBXFrameworksBuildPhase section */
		B0ADBF3D1F665F5000F77CBA /* Frameworks */ = {
			isa = PBXFrameworksBuildPhase;
			buildActionMask = 2147483647;
			files = (
			);
			runOnlyForDeploymentPostprocessing = 0;
		};
		B0ADBF541F665F5000F77CBA /* Frameworks */ = {
			isa = PBXFrameworksBuildPhase;
			buildActionMask = 2147483647;
			files = (
			);
			runOnlyForDeploymentPostprocessing = 0;
		};
		B0ADBF5F1F665F5000F77CBA /* Frameworks */ = {
			isa = PBXFrameworksBuildPhase;
			buildActionMask = 2147483647;
			files = (
			);
			runOnlyForDeploymentPostprocessing = 0;
		};
/* End PBXFrameworksBuildPhase section */

/* Begin PBXGroup section */
		B0ADBF371F665F5000F77CBA = {
			isa = PBXGroup;
			children = (
				B0ADBF421F665F5000F77CBA /* TimePile */,
				B0ADBF5A1F665F5000F77CBA /* TimePileTests */,
				B0ADBF651F665F5000F77CBA /* TimePileUITests */,
				B0ADBF411F665F5000F77CBA /* Products */,
			);
			sourceTree = "<group>";
		};
		B0ADBF411F665F5000F77CBA /* Products */ = {
			isa = PBXGroup;
			children = (
				B0ADBF401F665F5000F77CBA /* TimePile.app */,
				B0ADBF571F665F5000F77CBA /* TimePileTests.xctest */,
				B0ADBF621F665F5000F77CBA /* TimePileUITests.xctest */,
			);
			name = Products;
			sourceTree = "<group>";
		};
		B0ADBF421F665F5000F77CBA /* TimePile */ = {
			isa = PBXGroup;
			children = (
				B0ADBF431F665F5000F77CBA /* AppDelegate.swift */,
				B0ADBF741F665FDE00F77CBA /* TableViewController.swift */,
				B0ADBF781F665FE700F77CBA /* Main.storyboard */,
				B0ADBF4D1F665F5000F77CBA /* Assets.xcassets */,
				B0ADBF4F1F665F5000F77CBA /* LaunchScreen.storyboard */,
				B0ADBF761F665FE200F77CBA /* AlertExtension.swift */,
				B0ADBF521F665F5000F77CBA /* Info.plist */,
				B0ADBF4A1F665F5000F77CBA /* TimePile.xcdatamodeld */,
			);
			path = TimePile;
			sourceTree = "<group>";
		};
		B0ADBF5A1F665F5000F77CBA /* TimePileTests */ = {
			isa = PBXGroup;
			children = (
				B0ADBF5B1F665F5000F77CBA /* TimePileTests.swift */,
				B0ADBF5D1F665F5000F77CBA /* Info.plist */,
			);
			path = TimePileTests;
			sourceTree = "<group>";
		};
		B0ADBF651F665F5000F77CBA /* TimePileUITests */ = {
			isa = PBXGroup;
			children = (
				B0ADBF661F665F5000F77CBA /* TimePileUITests.swift */,
				B0ADBF681F665F5000F77CBA /* Info.plist */,
			);
			path = TimePileUITests;
			sourceTree = "<group>";
		};
/* End PBXGroup section */

/* Begin PBXNativeTarget section */
		B0ADBF3F1F665F5000F77CBA /* TimePile */ = {
			isa = PBXNativeTarget;
			buildConfigurationList = B0ADBF6B1F665F5000F77CBA /* Build configuration list for PBXNativeTarget "TimePile" */;
			buildPhases = (
				B0ADBF3C1F665F5000F77CBA /* Sources */,
				B0ADBF3D1F665F5000F77CBA /* Frameworks */,
				B0ADBF3E1F665F5000F77CBA /* Resources */,
			);
			buildRules = (
			);
			dependencies = (
			);
			name = TimePile;
			productName = TimePile;
			productReference = B0ADBF401F665F5000F77CBA /* TimePile.app */;
			productType = "com.apple.product-type.application";
		};
		B0ADBF561F665F5000F77CBA /* TimePileTests */ = {
			isa = PBXNativeTarget;
			buildConfigurationList = B0ADBF6E1F665F5000F77CBA /* Build configuration list for PBXNativeTarget "TimePileTests" */;
			buildPhases = (
				B0ADBF531F665F5000F77CBA /* Sources */,
				B0ADBF541F665F5000F77CBA /* Frameworks */,
				B0ADBF551F665F5000F77CBA /* Resources */,
			);
			buildRules = (
			);
			dependencies = (
				B0ADBF591F665F5000F77CBA /* PBXTargetDependency */,
			);
			name = TimePileTests;
			productName = TimePileTests;
			productReference = B0ADBF571F665F5000F77CBA /* TimePileTests.xctest */;
			productType = "com.apple.product-type.bundle.unit-test";
		};
		B0ADBF611F665F5000F77CBA /* TimePileUITests */ = {
			isa = PBXNativeTarget;
			buildConfigurationList = B0ADBF711F665F5000F77CBA /* Build configuration list for PBXNativeTarget "TimePileUITests" */;
			buildPhases = (
				B0ADBF5E1F665F5000F77CBA /* Sources */,
				B0ADBF5F1F665F5000F77CBA /* Frameworks */,
				B0ADBF601F665F5000F77CBA /* Resources */,
			);
			buildRules = (
			);
			dependencies = (
				B0ADBF641F665F5000F77CBA /* PBXTargetDependency */,
			);
			name = TimePileUITests;
			productName = TimePileUITests;
			productReference = B0ADBF621F665F5000F77CBA /* TimePileUITests.xctest */;
			productType = "com.apple.product-type.bundle.ui-testing";
		};
/* End PBXNativeTarget section */

/* Begin PBXProject section */
		B0ADBF381F665F5000F77CBA /* Project object */ = {
			isa = PBXProject;
			attributes = {
				LastSwiftUpdateCheck = 0830;
				LastUpgradeCheck = 0830;
				ORGANIZATIONNAME = Steerminds;
				TargetAttributes = {
					B0ADBF3F1F665F5000F77CBA = {
						CreatedOnToolsVersion = 8.3.3;
						DevelopmentTeam = 6837D8S652;
						ProvisioningStyle = Automatic;
					};
					B0ADBF561F665F5000F77CBA = {
						CreatedOnToolsVersion = 8.3.3;
						ProvisioningStyle = Automatic;
						TestTargetID = B0ADBF3F1F665F5000F77CBA;
					};
					B0ADBF611F665F5000F77CBA = {
						CreatedOnToolsVersion = 8.3.3;
						ProvisioningStyle = Automatic;
						TestTargetID = B0ADBF3F1F665F5000F77CBA;
					};
				};
			};
			buildConfigurationList = B0ADBF3B1F665F5000F77CBA /* Build configuration list for PBXProject "TimePile" */;
			compatibilityVersion = "Xcode 3.2";
			developmentRegion = English;
			hasScannedForEncodings = 0;
			knownRegions = (
				en,
				Base,
			);
			mainGroup = B0ADBF371F665F5000F77CBA;
			productRefGroup = B0ADBF411F665F5000F77CBA /* Products */;
			projectDirPath = "";
			projectRoot = "";
			targets = (
				B0ADBF3F1F665F5000F77CBA /* TimePile */,
				B0ADBF561F665F5000F77CBA /* TimePileTests */,
				B0ADBF611F665F5000F77CBA /* TimePileUITests */,
			);
		};
/* End PBXProject section */

/* Begin PBXResourcesBuildPhase section */
		B0ADBF3E1F665F5000F77CBA /* Resources */ = {
			isa = PBXResourcesBuildPhase;
			buildActionMask = 2147483647;
			files = (
				B0ADBF511F665F5000F77CBA /* LaunchScreen.storyboard in Resources */,
				B0ADBF4E1F665F5000F77CBA /* Assets.xcassets in Resources */,
				B0ADBF791F665FE700F77CBA /* Main.storyboard in Resources */,
			);
			runOnlyForDeploymentPostprocessing = 0;
		};
		B0ADBF551F665F5000F77CBA /* Resources */ = {
			isa = PBXResourcesBuildPhase;
			buildActionMask = 2147483647;
			files = (
			);
			runOnlyForDeploymentPostprocessing = 0;
		};
		B0ADBF601F665F5000F77CBA /* Resources */ = {
			isa = PBXResourcesBuildPhase;
			buildActionMask = 2147483647;
			files = (
			);
			runOnlyForDeploymentPostprocessing = 0;
		};
/* End PBXResourcesBuildPhase section */

/* Begin PBXSourcesBuildPhase section */
		B0ADBF3C1F665F5000F77CBA /* Sources */ = {
			isa = PBXSourcesBuildPhase;
			buildActionMask = 2147483647;
			files = (
				B0ADBF771F665FE200F77CBA /* AlertExtension.swift in Sources */,
				B0ADBF441F665F5000F77CBA /* AppDelegate.swift in Sources */,
				B0ADBF4C1F665F5000F77CBA /* TimePile.xcdatamodeld in Sources */,
				B0ADBF751F665FDE00F77CBA /* TableViewController.swift in Sources */,
			);
			runOnlyForDeploymentPostprocessing = 0;
		};
		B0ADBF531F665F5000F77CBA /* Sources */ = {
			isa = PBXSourcesBuildPhase;
			buildActionMask = 2147483647;
			files = (
				B0ADBF5C1F665F5000F77CBA /* TimePileTests.swift in Sources */,
			);
			runOnlyForDeploymentPostprocessing = 0;
		};
		B0ADBF5E1F665F5000F77CBA /* Sources */ = {
			isa = PBXSourcesBuildPhase;
			buildActionMask = 2147483647;
			files = (
				B0ADBF671F665F5000F77CBA /* TimePileUITests.swift in Sources */,
			);
			runOnlyForDeploymentPostprocessing = 0;
		};
/* End PBXSourcesBuildPhase section */

/* Begin PBXTargetDependency section */
		B0ADBF591F665F5000F77CBA /* PBXTargetDependency */ = {
			isa = PBXTargetDependency;
			target = B0ADBF3F1F665F5000F77CBA /* TimePile */;
			targetProxy = B0ADBF581F665F5000F77CBA /* PBXContainerItemProxy */;
		};
		B0ADBF641F665F5000F77CBA /* PBXTargetDependency */ = {
			isa = PBXTargetDependency;
			target = B0ADBF3F1F665F5000F77CBA /* TimePile */;
			targetProxy = B0ADBF631F665F5000F77CBA /* PBXContainerItemProxy */;
		};
/* End PBXTargetDependency section */

/* Begin PBXVariantGroup section */
		B0ADBF4F1F665F5000F77CBA /* LaunchScreen.storyboard */ = {
			isa = PBXVariantGroup;
			children = (
				B0ADBF501F665F5000F77CBA /* Base */,
			);
			name = LaunchScreen.storyboard;
			sourceTree = "<group>";
		};
/* End PBXVariantGroup section */

/* Begin XCBuildConfiguration section */
		B0ADBF691F665F5000F77CBA /* Debug */ = {
			isa = XCBuildConfiguration;
			buildSettings = {
				ALWAYS_SEARCH_USER_PATHS = NO;
				CLANG_ANALYZER_NONNULL = YES;
				CLANG_ANALYZER_NUMBER_OBJECT_CONVERSION = YES_AGGRESSIVE;
				CLANG_CXX_LANGUAGE_STANDARD = "gnu++0x";
				CLANG_CXX_LIBRARY = "libc++";
				CLANG_ENABLE_MODULES = YES;
				CLANG_ENABLE_OBJC_ARC = YES;
				CLANG_WARN_BOOL_CONVERSION = YES;
				CLANG_WARN_CONSTANT_CONVERSION = YES;
				CLANG_WARN_DIRECT_OBJC_ISA_USAGE = YES_ERROR;
				CLANG_WARN_DOCUMENTATION_COMMENTS = YES;
				CLANG_WARN_EMPTY_BODY = YES;
				CLANG_WARN_ENUM_CONVERSION = YES;
				CLANG_WARN_INFINITE_RECURSION = YES;
				CLANG_WARN_INT_CONVERSION = YES;
				CLANG_WARN_OBJC_ROOT_CLASS = YES_ERROR;
				CLANG_WARN_SUSPICIOUS_MOVE = YES;
				CLANG_WARN_UNREACHABLE_CODE = YES;
				CLANG_WARN__DUPLICATE_METHOD_MATCH = YES;
				"CODE_SIGN_IDENTITY[sdk=iphoneos*]" = "iPhone Developer";
				COPY_PHASE_STRIP = NO;
				DEBUG_INFORMATION_FORMAT = dwarf;
				ENABLE_STRICT_OBJC_MSGSEND = YES;
				ENABLE_TESTABILITY = YES;
				GCC_C_LANGUAGE_STANDARD = gnu99;
				GCC_DYNAMIC_NO_PIC = NO;
				GCC_NO_COMMON_BLOCKS = YES;
				GCC_OPTIMIZATION_LEVEL = 0;
				GCC_PREPROCESSOR_DEFINITIONS = (
					"DEBUG=1",
					"$(inherited)",
				);
				GCC_WARN_64_TO_32_BIT_CONVERSION = YES;
				GCC_WARN_ABOUT_RETURN_TYPE = YES_ERROR;
				GCC_WARN_UNDECLARED_SELECTOR = YES;
				GCC_WARN_UNINITIALIZED_AUTOS = YES_AGGRESSIVE;
				GCC_WARN_UNUSED_FUNCTION = YES;
				GCC_WARN_UNUSED_VARIABLE = YES;
				IPHONEOS_DEPLOYMENT_TARGET = 10.3;
				MTL_ENABLE_DEBUG_INFO = YES;
				ONLY_ACTIVE_ARCH = YES;
				SDKROOT = iphoneos;
				SWIFT_ACTIVE_COMPILATION_CONDITIONS = DEBUG;
				SWIFT_OPTIMIZATION_LEVEL = "-Onone";
				TARGETED_DEVICE_FAMILY = "1,2";
			};
			name = Debug;
		};
		B0ADBF6A1F665F5000F77CBA /* Release */ = {
			isa = XCBuildConfiguration;
			buildSettings = {
				ALWAYS_SEARCH_USER_PATHS = NO;
				CLANG_ANALYZER_NONNULL = YES;
				CLANG_ANALYZER_NUMBER_OBJECT_CONVERSION = YES_AGGRESSIVE;
				CLANG_CXX_LANGUAGE_STANDARD = "gnu++0x";
				CLANG_CXX_LIBRARY = "libc++";
				CLANG_ENABLE_MODULES = YES;
				CLANG_ENABLE_OBJC_ARC = YES;
				CLANG_WARN_BOOL_CONVERSION = YES;
				CLANG_WARN_CONSTANT_CONVERSION = YES;
				CLANG_WARN_DIRECT_OBJC_ISA_USAGE = YES_ERROR;
				CLANG_WARN_DOCUMENTATION_COMMENTS = YES;
				CLANG_WARN_EMPTY_BODY = YES;
				CLANG_WARN_ENUM_CONVERSION = YES;
				CLANG_WARN_INFINITE_RECURSION = YES;
				CLANG_WARN_INT_CONVERSION = YES;
				CLANG_WARN_OBJC_ROOT_CLASS = YES_ERROR;
				CLANG_WARN_SUSPICIOUS_MOVE = YES;
				CLANG_WARN_UNREACHABLE_CODE = YES;
				CLANG_WARN__DUPLICATE_METHOD_MATCH = YES;
				"CODE_SIGN_IDENTITY[sdk=iphoneos*]" = "iPhone Developer";
				COPY_PHASE_STRIP = NO;
				DEBUG_INFORMATION_FORMAT = "dwarf-with-dsym";
				ENABLE_NS_ASSERTIONS = NO;
				ENABLE_STRICT_OBJC_MSGSEND = YES;
				GCC_C_LANGUAGE_STANDARD = gnu99;
				GCC_NO_COMMON_BLOCKS = YES;
				GCC_WARN_64_TO_32_BIT_CONVERSION = YES;
				GCC_WARN_ABOUT_RETURN_TYPE = YES_ERROR;
				GCC_WARN_UNDECLARED_SELECTOR = YES;
				GCC_WARN_UNINITIALIZED_AUTOS = YES_AGGRESSIVE;
				GCC_WARN_UNUSED_FUNCTION = YES;
				GCC_WARN_UNUSED_VARIABLE = YES;
				IPHONEOS_DEPLOYMENT_TARGET = 10.3;
				MTL_ENABLE_DEBUG_INFO = NO;
				SDKROOT = iphoneos;
				SWIFT_OPTIMIZATION_LEVEL = "-Owholemodule";
				TARGETED_DEVICE_FAMILY = "1,2";
				VALIDATE_PRODUCT = YES;
			};
			name = Release;
		};
		B0ADBF6C1F665F5000F77CBA /* Debug */ = {
			isa = XCBuildConfiguration;
			buildSettings = {
				ASSETCATALOG_COMPILER_APPICON_NAME = AppIcon;
				DEVELOPMENT_TEAM = 6837D8S652;
				INFOPLIST_FILE = TimePile/Info.plist;
				IPHONEOS_DEPLOYMENT_TARGET = 10.3;
				LD_RUNPATH_SEARCH_PATHS = "$(inherited) @executable_path/Frameworks";
				PRODUCT_BUNDLE_IDENTIFIER = com.steerminds.TimeP;
				PRODUCT_NAME = "$(TARGET_NAME)";
				SWIFT_VERSION = 3.0;
			};
			name = Debug;
		};
		B0ADBF6D1F665F5000F77CBA /* Release */ = {
			isa = XCBuildConfiguration;
			buildSettings = {
				ASSETCATALOG_COMPILER_APPICON_NAME = AppIcon;
				DEVELOPMENT_TEAM = 6837D8S652;
				INFOPLIST_FILE = TimePile/Info.plist;
				IPHONEOS_DEPLOYMENT_TARGET = 10.3;
				LD_RUNPATH_SEARCH_PATHS = "$(inherited) @executable_path/Frameworks";
				PRODUCT_BUNDLE_IDENTIFIER = com.steerminds.TimeP;
				PRODUCT_NAME = "$(TARGET_NAME)";
				SWIFT_VERSION = 3.0;
			};
			name = Release;
		};
		B0ADBF6F1F665F5000F77CBA /* Debug */ = {
			isa = XCBuildConfiguration;
			buildSettings = {
				ALWAYS_EMBED_SWIFT_STANDARD_LIBRARIES = YES;
				BUNDLE_LOADER = "$(TEST_HOST)";
				INFOPLIST_FILE = TimePileTests/Info.plist;
				LD_RUNPATH_SEARCH_PATHS = "$(inherited) @executable_path/Frameworks @loader_path/Frameworks";
				PRODUCT_BUNDLE_IDENTIFIER = com.steerminds.timepile.TimePileTests;
				PRODUCT_NAME = "$(TARGET_NAME)";
				SWIFT_VERSION = 3.0;
				TEST_HOST = "$(BUILT_PRODUCTS_DIR)/TimePile.app/TimePile";
			};
			name = Debug;
		};
		B0ADBF701F665F5000F77CBA /* Release */ = {
			isa = XCBuildConfiguration;
			buildSettings = {
				ALWAYS_EMBED_SWIFT_STANDARD_LIBRARIES = YES;
				BUNDLE_LOADER = "$(TEST_HOST)";
				INFOPLIST_FILE = TimePileTests/Info.plist;
				LD_RUNPATH_SEARCH_PATHS = "$(inherited) @executable_path/Frameworks @loader_path/Frameworks";
				PRODUCT_BUNDLE_IDENTIFIER = com.steerminds.timepile.TimePileTests;
				PRODUCT_NAME = "$(TARGET_NAME)";
				SWIFT_VERSION = 3.0;
				TEST_HOST = "$(BUILT_PRODUCTS_DIR)/TimePile.app/TimePile";
			};
			name = Release;
		};
		B0ADBF721F665F5000F77CBA /* Debug */ = {
			isa = XCBuildConfiguration;
			buildSettings = {
				ALWAYS_EMBED_SWIFT_STANDARD_LIBRARIES = YES;
				INFOPLIST_FILE = TimePileUITests/Info.plist;
				LD_RUNPATH_SEARCH_PATHS = "$(inherited) @executable_path/Frameworks @loader_path/Frameworks";
				PRODUCT_BUNDLE_IDENTIFIER = com.steerminds.timepile.TimePileUITests;
				PRODUCT_NAME = "$(TARGET_NAME)";
				SWIFT_VERSION = 3.0;
				TEST_TARGET_NAME = TimePile;
			};
			name = Debug;
		};
		B0ADBF731F665F5000F77CBA /* Release */ = {
			isa = XCBuildConfiguration;
			buildSettings = {
				ALWAYS_EMBED_SWIFT_STANDARD_LIBRARIES = YES;
				INFOPLIST_FILE = TimePileUITests/Info.plist;
				LD_RUNPATH_SEARCH_PATHS = "$(inherited) @executable_path/Frameworks @loader_path/Frameworks";
				PRODUCT_BUNDLE_IDENTIFIER = com.steerminds.timepile.TimePileUITests;
				PRODUCT_NAME = "$(TARGET_NAME)";
				SWIFT_VERSION = 3.0;
				TEST_TARGET_NAME = TimePile;
			};
			name = Release;
		};
/* End XCBuildConfiguration section */

/* Begin XCConfigurationList section */
		B0ADBF3B1F665F5000F77CBA /* Build configuration list for PBXProject "TimePile" */ = {
			isa = XCConfigurationList;
			buildConfigurations = (
				B0ADBF691F665F5000F77CBA /* Debug */,
				B0ADBF6A1F665F5000F77CBA /* Release */,
			);
			defaultConfigurationIsVisible = 0;
			defaultConfigurationName = Release;
		};
		B0ADBF6B1F665F5000F77CBA /* Build configuration list for PBXNativeTarget "TimePile" */ = {
			isa = XCConfigurationList;
			buildConfigurations = (
				B0ADBF6C1F665F5000F77CBA /* Debug */,
				B0ADBF6D1F665F5000F77CBA /* Release */,
			);
			defaultConfigurationIsVisible = 0;
			defaultConfigurationName = Release;
		};
		B0ADBF6E1F665F5000F77CBA /* Build configuration list for PBXNativeTarget "TimePileTests" */ = {
			isa = XCConfigurationList;
			buildConfigurations = (
				B0ADBF6F1F665F5000F77CBA /* Debug */,
				B0ADBF701F665F5000F77CBA /* Release */,
			);
			defaultConfigurationIsVisible = 0;
			defaultConfigurationName = Release;
		};
		B0ADBF711F665F5000F77CBA /* Build configuration list for PBXNativeTarget "TimePileUITests" */ = {
			isa = XCConfigurationList;
			buildConfigurations = (
				B0ADBF721F665F5000F77CBA /* Debug */,
				B0ADBF731F665F5000F77CBA /* Release */,
			);
			defaultConfigurationIsVisible = 0;
			defaultConfigurationName = Release;
		};
/* End XCConfigurationList section */

/* Begin XCVersionGroup section */
		B0ADBF4A1F665F5000F77CBA /* TimePile.xcdatamodeld */ = {
			isa = XCVersionGroup;
			children = (
				B0ADBF4B1F665F5000F77CBA /* TimePile.xcdatamodel */,
			);
			currentVersion = B0ADBF4B1F665F5000F77CBA /* TimePile.xcdatamodel */;
			path = TimePile.xcdatamodeld;
			sourceTree = "<group>";
			versionGroupType = wrapper.xcdatamodel;
		};
/* End XCVersionGroup section */
	};
	rootObject = B0ADBF381F665F5000F77CBA /* Project object */;
}
